version = 1
revision = 3
requires-python = ">=3.13"

[[package]]
name = "dependency-injector"
version = "4.48.3"
source = { registry = "https://pypi.org/simple" }
sdist = { url = "https://files.pythonhosted.org/packages/9d/14/4f7b2d24d3ad50ac399262636cdf4b66b9318bfd0e9de5c61669625dc77c/dependency_injector-4.48.3.tar.gz", hash = "sha256:106e43a6a9959b2c49926edc45bdf07fdc377bc5fa1fd59012741590df30b20c", size = 1129251, upload-time = "2025-12-04T18:43:55.751Z" }
wheels = [
    { url = "https://files.pythonhosted.org/packages/b8/d1/bebb2921e1cfdeba992e57c62bcd871f4703fde852b1d64ceb0dd65540ee/dependency_injector-4.48.3-cp310-abi3-macosx_11_0_arm64.whl", hash = "sha256:37d5b962d9ba67f6536557dec3c83136cefd7a747bbe8ba53b158e34e050bae5", size = 1746065, upload-time = "2025-12-04T18:43:06.655Z" },
    { url = "https://files.pythonhosted.org/packages/c3/da/068f23d12b55cda6e2d5e7783d1b602aa40f0889f35cf182ecfa1b12f7b8/dependency_injector-4.48.3-cp310-abi3-manylinux1_x86_64.manylinux_2_28_x86_64.manylinux_2_5_x86_64.whl", hash = "sha256:54aa2b8b8ff057555ab03ee98035eb41120d30f8ec220cf43aa3b117f6b9b1b1", size = 1829780, upload-time = "2025-12-04T18:43:08.497Z" },
    { url = "https://files.pythonhosted.org/packages/e4/7f/7d5f16a87d6cc4111be41c8593ae6b98ebcdf0dc797c6e08e303ce6155b7/dependency_injector-4.48.3-cp310-abi3-manylinux2014_aarch64.manylinux_2_17_aarch64.manylinux_2_28_aarch64.whl", hash = "sha256:6a1f8d5b7dcf24773c27ddb9beab043753d8e251804f2398468944b93c767a35", size = 1741838, upload-time = "2025-12-04T18:43:10.072Z" },
    { url = "https://files.pythonhosted.org/packages/ea/1d/251c79858c9ebf53c6d8b51c9a653c794db0392070ab5a8f3f4a298a8b26/dependency_injector-4.48.3-cp310-abi3-musllinux_1_2_aarch64.whl", hash = "sha256:7ed11a944f5c84a5ad3f15bc9154f07affae2902967b4e47c74504d4595ed92f", size = 1726565, upload-time = "2025-12-04T18:43:11.892Z" },
    { url = "https://files.pythonhosted.org/packages/45/92/023bd0b72baf170368323412a911fe31fd1c5cccbd4d399744bdec21cecd/dependency_injector-4.48.3-cp310-abi3-musllinux_1_2_x86_64.whl", hash = "sha256:00c7ad5b5b5f9b1616c363770eed8c629a42dd0155b398c4458c949b8c0b9ae0", size = 1820764, upload-time = "2025-12-04T18:43:13.765Z" },
    { url = "https://files.pythonhosted.org/packages/ef/ae/0f6c65c6f67be9a7bcc18546ad08610b1cb294cef0da3d16502a1b336246/dependency_injector-4.48.3-cp310-abi3-win32.whl", hash = "sha256:2870a3b84ddb2e4b13731b7250b7714f0d4a07f6147a181b3ecbceed061b74f2", size = 1527160, upload-time = "2025-12-04T18:43:15.534Z" },
    { url = "https://files.pythonhosted.org/packages/ae/74/51e8d051d55ae3b88fb0d94356cc9998e070a8b0cf6c93ef8456b8d05c01/dependency_injector-4.48.3-cp310-abi3-win_amd64.whl", hash = "sha256:d0e6244b3674a48ee2c5b0af29bf20d2b0b5baef806dd1739af9aab9d20f08de", size = 1655409, upload-time = "2025-12-04T18:43:16.901Z" },
]

[[package]]
name = "pers-dev-box"
version = "0.1.0"
source = { virtual = "." }
dependencies = [
    { name = "dependency-injector" },
]

[package.metadata]
requires-dist = [{ name = "dependency-injector", specifier = ">=4.48.3" }]
